
Microsoft Visual Studio Solution File, Format Version 12.00
# Visual Studio Version 16
VisualStudioVersion = 16.0.34601.136
MinimumVisualStudioVersion = 10.0.40219.1
Project("{FAE04EC0-301F-11D3-BF4B-00C04F79EFBC}") = "Question2", "Question2\Question2.csproj", "{2EB3C347-37C3-4688-9ED3-7D2429B3E279}"
EndProject
Global
	GlobalSection(SolutionConfigurationPlatforms) = preSolution
		Debug|Any CPU = Debug|Any CPU
		Release|Any CPU = Release|Any CPU
	EndGlobalSection
	GlobalSection(ProjectConfigurationPlatforms) = postSolution
		{2EB3C347-37C3-4688-9ED3-7D2429B3E279}.Debug|Any CPU.ActiveCfg = Debug|Any CPU
		{2EB3C347-37C3-4688-9ED3-7D2429B3E279}.Debug|Any CPU.Build.0 = Debug|Any CPU
		{2EB3C347-37C3-4688-9ED3-7D2429B3E279}.Release|Any CPU.ActiveCfg = Release|Any CPU
		{2EB3C347-37C3-4688-9ED3-7D2429B3E279}.Release|Any CPU.Build.0 = Release|Any CPU
	EndGlobalSection
	GlobalSection(SolutionProperties) = preSolution
		HideSolutionNode = FALSE
	EndGlobalSection
	GlobalSection(ExtensibilityGlobals) = postSolution
		SolutionGuid = {FCC9E431-DE30-4CF6-B48B-781375454B5C}
	EndGlobalSection
EndGlobal
